{
  "requires": true,
  "lockfileVersion": 1,
  "dependencies": {
    "@emotion/is-prop-valid": {
      "version": "0.8.8",
      "resolved": "https://registry.npmjs.org/@emotion/is-prop-valid/-/is-prop-valid-0.8.8.tgz",
      "integrity": "sha512-u5WtneEAr5IDG2Wv65yhunPSMLIpuKsbuOktRojfrEiEvRyC85LgPMZI63cr7NUqT8ZIGdSVg8ZKGxIug4lXcA==",
      "requires": {
        "@emotion/memoize": "0.7.4"
      }
    },
    "@emotion/memoize": {
      "version": "0.7.4",
      "resolved": "https://registry.npmjs.org/@emotion/memoize/-/memoize-0.7.4.tgz",
      "integrity": "sha512-Ja/Vfqe3HpuzRsG1oBtWTHk2PGZ7GR+2Vz5iYGelAw8dx32K0y7PjVuxK6z1nMpZOqAFsRUPCkK1YjJ56qJlgw=="
    },
    "eventemitter3": {
      "version": "1.2.0",
      "resolved": "https://registry.npmjs.org/eventemitter3/-/eventemitter3-1.2.0.tgz",
      "integrity": "sha1-HIaZHYFq0eUEdQ5zh0Ik7PO+xQg="
    },
    "framer-motion": {
      "version": "3.1.4",
      "resolved": "https://registry.npmjs.org/framer-motion/-/framer-motion-3.1.4.tgz",
      "integrity": "sha512-dVxlWwmqGwI/5k57XsjBJMOyk5jvgk/hW/VGvHsgZrETc39cmjYFYRwWXkrdqqCDobhbmFaQcZwXCy8N5yDqIw==",
      "requires": {
        "@emotion/is-prop-valid": "^0.8.2",
        "framesync": "^5.0.0",
        "hey-listen": "^1.0.8",
        "popmotion": "^9.0.2",
        "style-value-types": "^3.2.0",
        "tslib": "^1.10.0"
      }
    },
    "framesync": {
      "version": "5.0.0",
      "resolved": "https://registry.npmjs.org/framesync/-/framesync-5.0.0.tgz",
      "integrity": "sha512-wd8t+JsQGisluSv1twiEeDv0aNGpavGb9q7xgIk9fGbcIWkNXF/KVtrjnOrCwBWJuiXxlJfNkcvGudsI32FxYA=="
    },
    "hey-listen": {
      "version": "1.0.8",
      "resolved": "https://registry.npmjs.org/hey-listen/-/hey-listen-1.0.8.tgz",
      "integrity": "sha512-COpmrF2NOg4TBWUJ5UVyaCU2A88wEMkUPK4hNqyCkqHbxT92BbvfjoSozkAIIm6XhicGlJHhFdullInrdhwU8Q=="
    },
    "http-proxy": {
      "version": "1.11.1",
      "resolved": "https://registry.npmjs.org/http-proxy/-/http-proxy-1.11.1.tgz",
      "integrity": "sha1-cd9VdX6ALVjqgQ3yJEAZ3aBa6F0=",
      "requires": {
        "eventemitter3": "1.x.x",
        "requires-port": "0.x.x"
      }
    },
    "popmotion": {
      "version": "9.0.2",
      "resolved": "https://registry.npmjs.org/popmotion/-/popmotion-9.0.2.tgz",
      "integrity": "sha512-WfSg8IfoUwYIP9uqeqbgncIsMHLAKWqebT2IP1aGAI6gdSJqTPy/H8NvP4ZyDtDCUCx5Yh3Pth/7iUJjIwR7LA==",
      "requires": {
        "framesync": "5.0.0",
        "hey-listen": "^1.0.8",
        "style-value-types": "3.2.0",
        "tslib": "^1.10.0"
      }
    },
    "proxy-from-env": {
      "version": "0.0.1",
      "resolved": "https://registry.npmjs.org/proxy-from-env/-/proxy-from-env-0.0.1.tgz",
      "integrity": "sha1-snxJRunm1dutt1mKZDXTAUxM/Uk="
    },
    "requires-port": {
      "version": "0.0.1",
      "resolved": "https://registry.npmjs.org/requires-port/-/requires-port-0.0.1.tgz",
      "integrity": "sha1-S0QUQR2d98hVmV3YmajHiilRwW0="
    },
    "style-value-types": {
      "version": "3.2.0",
      "resolved": "https://registry.npmjs.org/style-value-types/-/style-value-types-3.2.0.tgz",
      "integrity": "sha512-ih0mGsrYYmVvdDi++/66O6BaQPRPRMQHoZevNNdMMcPlP/cH28Rnfsqf1UEba/Bwfuw9T8BmIMwbGdzsPwQKrQ==",
      "requires": {
        "hey-listen": "^1.0.8",
        "tslib": "^1.10.0"
      }
    },
    "tslib": {
      "version": "1.14.1",
      "resolved": "https://registry.npmjs.org/tslib/-/tslib-1.14.1.tgz",
      "integrity": "sha512-Xni35NKzjgMrwevysHTCArtLDpPvye8zV/0E4EyYn43P7/7qvQwPh9BGkHewbMulVntbigmcT7rdX3BNo9wRJg=="
    }
  }
}
